Microsoft Visual Studio Solution File, Format Version 12.00
# Visual Studio Version 17
VisualStudioVersion = 17.8.34330.188
MinimumVisualStudioVersion = 10.0.40219.1
Project("{9A19103F-16F7-4668-BE54-9A1E7A4F7556}") = "Unreal.NativeTypes", "Unreal.NativeTypes\Unreal.NativeTypes.csproj", "{DBB0557A-8C34-4335-8CA4-2085966AC299}"
EndProject
Project("{FAE04EC0-301F-11D3-BF4B-00C04F79EFBC}") = "Unreal.NativeTypes.Interfaces", "Unreal.NativeTypes.Interfaces\Unreal.NativeTypes.Interfaces.csproj", "{F6B83073-8233-4B96-BC15-5C6DF54BEF4F}"
EndProject
Project("{9A19103F-16F7-4668-BE54-9A1E7A4F7556}") = "SharedScans.Interfaces", "include\SharedScans\SharedScans.Interfaces\SharedScans.Interfaces.csproj", "{776FFC89-79F7-4DCA-B5B5-50C91BE2BDD3}"
EndProject
Global
	GlobalSection(SolutionConfigurationPlatforms) = preSolution
		Debug|Any CPU = Debug|Any CPU
		Release|Any CPU = Release|Any CPU
	EndGlobalSection
	GlobalSection(ProjectConfigurationPlatforms) = postSolution
		{DBB0557A-8C34-4335-8CA4-2085966AC299}.Debug|Any CPU.ActiveCfg = Debug|Any CPU
		{DBB0557A-8C34-4335-8CA4-2085966AC299}.Debug|Any CPU.Build.0 = Debug|Any CPU
		{DBB0557A-8C34-4335-8CA4-2085966AC299}.Release|Any CPU.ActiveCfg = Release|Any CPU
		{DBB0557A-8C34-4335-8CA4-2085966AC299}.Release|Any CPU.Build.0 = Release|Any CPU
		{F6B83073-8233-4B96-BC15-5C6DF54BEF4F}.Debug|Any CPU.ActiveCfg = Debug|Any CPU
		{F6B83073-8233-4B96-BC15-5C6DF54BEF4F}.Debug|Any CPU.Build.0 = Debug|Any CPU
		{F6B83073-8233-4B96-BC15-5C6DF54BEF4F}.Release|Any CPU.ActiveCfg = Release|Any CPU
		{F6B83073-8233-4B96-BC15-5C6DF54BEF4F}.Release|Any CPU.Build.0 = Release|Any CPU
		{776FFC89-79F7-4DCA-B5B5-50C91BE2BDD3}.Debug|Any CPU.ActiveCfg = Debug|Any CPU
		{776FFC89-79F7-4DCA-B5B5-50C91BE2BDD3}.Debug|Any CPU.Build.0 = Debug|Any CPU
		{776FFC89-79F7-4DCA-B5B5-50C91BE2BDD3}.Release|Any CPU.ActiveCfg = Release|Any CPU
		{776FFC89-79F7-4DCA-B5B5-50C91BE2BDD3}.Release|Any CPU.Build.0 = Release|Any CPU
	EndGlobalSection
	GlobalSection(SolutionProperties) = preSolution
		HideSolutionNode = FALSE
	EndGlobalSection
	GlobalSection(ExtensibilityGlobals) = postSolution
		SolutionGuid = {9F2B1208-268C-4490-943C-F0B98EC55305}
	EndGlobalSection
EndGlobal
